// !$*UTF8*$!
{
	archiveVersion = 1;
	classes = {
	};
	objectVersion = 46;
	objects = {

/* Begin PBXBuildFile section */
		C263EDCC1C143D18008BFD7C /* PostItemDetail.storyboard in Resources */ = {isa = PBXBuildFile; fileRef = C263EDCB1C143D18008BFD7C /* PostItemDetail.storyboard */; settings = {ASSET_TAGS = (); }; };
		C263EDCE1C1444B8008BFD7C /* ItemDetailTopCell.swift in Sources */ = {isa = PBXBuildFile; fileRef = C263EDCD1C1444B8008BFD7C /* ItemDetailTopCell.swift */; settings = {ASSET_TAGS = (); }; };
		C263EDD01C1460D2008BFD7C /* ItemDetailBodyCell.swift in Sources */ = {isa = PBXBuildFile; fileRef = C263EDCF1C1460D2008BFD7C /* ItemDetailBodyCell.swift */; settings = {ASSET_TAGS = (); }; };
		C263EDD21C146132008BFD7C /* PostItemDetailVC.swift in Sources */ = {isa = PBXBuildFile; fileRef = C263EDD11C146132008BFD7C /* PostItemDetailVC.swift */; settings = {ASSET_TAGS = (); }; };
		C263EDD41C147AFE008BFD7C /* StockEndpoint.swift in Sources */ = {isa = PBXBuildFile; fileRef = C263EDD31C147AFE008BFD7C /* StockEndpoint.swift */; settings = {ASSET_TAGS = (); }; };
		C263EDD61C147D2B008BFD7C /* UserListModel.swift in Sources */ = {isa = PBXBuildFile; fileRef = C263EDD51C147D2B008BFD7C /* UserListModel.swift */; settings = {ASSET_TAGS = (); }; };
		C263EDD81C147F7B008BFD7C /* UserListVM.swift in Sources */ = {isa = PBXBuildFile; fileRef = C263EDD71C147F7B008BFD7C /* UserListVM.swift */; settings = {ASSET_TAGS = (); }; };
		C27DF93E1C0AF0D60042BE71 /* AppDelegate.swift in Sources */ = {isa = PBXBuildFile; fileRef = C27DF93D1C0AF0D60042BE71 /* AppDelegate.swift */; };
		C27DF9431C0AF0D60042BE71 /* Main.storyboard in Resources */ = {isa = PBXBuildFile; fileRef = C27DF9411C0AF0D60042BE71 /* Main.storyboard */; };
		C27DF9451C0AF0D60042BE71 /* Assets.xcassets in Resources */ = {isa = PBXBuildFile; fileRef = C27DF9441C0AF0D60042BE71 /* Assets.xcassets */; };
		C27DF9481C0AF0D60042BE71 /* LaunchScreen.storyboard in Resources */ = {isa = PBXBuildFile; fileRef = C27DF9461C0AF0D60042BE71 /* LaunchScreen.storyboard */; };
		C27DF9531C0AF0D70042BE71 /* SwiftQiitaClientTests.swift in Sources */ = {isa = PBXBuildFile; fileRef = C27DF9521C0AF0D70042BE71 /* SwiftQiitaClientTests.swift */; };
		C27DF95E1C0AF5660042BE71 /* Secrets.plist in Resources */ = {isa = PBXBuildFile; fileRef = C27DF95D1C0AF5660042BE71 /* Secrets.plist */; settings = {ASSET_TAGS = (); }; };
		C27DF9631C0B00340042BE71 /* R.generated.swift in Sources */ = {isa = PBXBuildFile; fileRef = C27DF9621C0B00340042BE71 /* R.generated.swift */; settings = {ASSET_TAGS = (); }; };
		C27DF9651C0B00E30042BE71 /* QiitaAPI.swift in Sources */ = {isa = PBXBuildFile; fileRef = C27DF9641C0B00E30042BE71 /* QiitaAPI.swift */; settings = {ASSET_TAGS = (); }; };
		C27DF96B1C0B1E3F0042BE71 /* TaggingModel.swift in Sources */ = {isa = PBXBuildFile; fileRef = C27DF96A1C0B1E3F0042BE71 /* TaggingModel.swift */; settings = {ASSET_TAGS = (); }; };
		C27DF96F1C0B1FCB0042BE71 /* UserModel.swift in Sources */ = {isa = PBXBuildFile; fileRef = C27DF96E1C0B1FCB0042BE71 /* UserModel.swift */; settings = {ASSET_TAGS = (); }; };
		C27DF9711C0B24050042BE71 /* PostItemModel.swift in Sources */ = {isa = PBXBuildFile; fileRef = C27DF9701C0B24050042BE71 /* PostItemModel.swift */; settings = {ASSET_TAGS = (); }; };
		C27DF9731C0B26840042BE71 /* PostItemEndpoint.swift in Sources */ = {isa = PBXBuildFile; fileRef = C27DF9721C0B26840042BE71 /* PostItemEndpoint.swift */; settings = {ASSET_TAGS = (); }; };
		C27DF9751C0B26EB0042BE71 /* AllPostItemListModel.swift in Sources */ = {isa = PBXBuildFile; fileRef = C27DF9741C0B26EB0042BE71 /* AllPostItemListModel.swift */; settings = {ASSET_TAGS = (); }; };
		C27DF9781C0B288E0042BE71 /* PostItemListVC.swift in Sources */ = {isa = PBXBuildFile; fileRef = C27DF9771C0B288E0042BE71 /* PostItemListVC.swift */; settings = {ASSET_TAGS = (); }; };
		C27DF97B1C0B36D00042BE71 /* PostItemCellVM.swift in Sources */ = {isa = PBXBuildFile; fileRef = C27DF97A1C0B36D00042BE71 /* PostItemCellVM.swift */; settings = {ASSET_TAGS = (); }; };
		C27DF97E1C127D4A0042BE71 /* AllPostItemListVM.swift in Sources */ = {isa = PBXBuildFile; fileRef = C27DF97D1C127D4A0042BE71 /* AllPostItemListVM.swift */; settings = {ASSET_TAGS = (); }; };
		C27DF9811C1293DC0042BE71 /* ItemCell.swift in Sources */ = {isa = PBXBuildFile; fileRef = C27DF9801C1293DC0042BE71 /* ItemCell.swift */; settings = {ASSET_TAGS = (); }; };
		C9E3502C78818343CC031532 /* Pods.framework in Frameworks */ = {isa = PBXBuildFile; fileRef = A455A93040E8BD6704A5AAAD /* Pods.framework */; };
/* End PBXBuildFile section */

/* Begin PBXContainerItemProxy section */
		C27DF94F1C0AF0D70042BE71 /* PBXContainerItemProxy */ = {
			isa = PBXContainerItemProxy;
			containerPortal = C27DF9321C0AF0D60042BE71 /* Project object */;
			proxyType = 1;
			remoteGlobalIDString = C27DF9391C0AF0D60042BE71;
			remoteInfo = SwiftQiitaClient;
		};
/* End PBXContainerItemProxy section */

/* Begin PBXFileReference section */
		001214CCE190F4EAC56022AC /* Pods.release.xcconfig */ = {isa = PBXFileReference; includeInIndex = 1; lastKnownFileType = text.xcconfig; name = Pods.release.xcconfig; path = "Pods/Target Support Files/Pods/Pods.release.xcconfig"; sourceTree = "<group>"; };
		58BABD47965F44961147519B /* Pods.debug.xcconfig */ = {isa = PBXFileReference; includeInIndex = 1; lastKnownFileType = text.xcconfig; name = Pods.debug.xcconfig; path = "Pods/Target Support Files/Pods/Pods.debug.xcconfig"; sourceTree = "<group>"; };
		A455A93040E8BD6704A5AAAD /* Pods.framework */ = {isa = PBXFileReference; explicitFileType = wrapper.framework; includeInIndex = 0; path = Pods.framework; sourceTree = BUILT_PRODUCTS_DIR; };
		C263EDCB1C143D18008BFD7C /* PostItemDetail.storyboard */ = {isa = PBXFileReference; fileEncoding = 4; lastKnownFileType = file.storyboard; path = PostItemDetail.storyboard; sourceTree = "<group>"; };
		C263EDCD1C1444B8008BFD7C /* ItemDetailTopCell.swift */ = {isa = PBXFileReference; fileEncoding = 4; lastKnownFileType = sourcecode.swift; path = ItemDetailTopCell.swift; sourceTree = "<group>"; };
		C263EDCF1C1460D2008BFD7C /* ItemDetailBodyCell.swift */ = {isa = PBXFileReference; fileEncoding = 4; lastKnownFileType = sourcecode.swift; path = ItemDetailBodyCell.swift; sourceTree = "<group>"; };
		C263EDD11C146132008BFD7C /* PostItemDetailVC.swift */ = {isa = PBXFileReference; fileEncoding = 4; lastKnownFileType = sourcecode.swift; path = PostItemDetailVC.swift; sourceTree = "<group>"; };
		C263EDD31C147AFE008BFD7C /* StockEndpoint.swift */ = {isa = PBXFileReference; fileEncoding = 4; lastKnownFileType = sourcecode.swift; path = StockEndpoint.swift; sourceTree = "<group>"; };
		C263EDD51C147D2B008BFD7C /* UserListModel.swift */ = {isa = PBXFileReference; fileEncoding = 4; lastKnownFileType = sourcecode.swift; path = UserListModel.swift; sourceTree = "<group>"; };
		C263EDD71C147F7B008BFD7C /* UserListVM.swift */ = {isa = PBXFileReference; fileEncoding = 4; lastKnownFileType = sourcecode.swift; path = UserListVM.swift; sourceTree = "<group>"; };
		C27DF93A1C0AF0D60042BE71 /* SwiftQiitaClient.app */ = {isa = PBXFileReference; explicitFileType = wrapper.application; includeInIndex = 0; path = SwiftQiitaClient.app; sourceTree = BUILT_PRODUCTS_DIR; };
		C27DF93D1C0AF0D60042BE71 /* AppDelegate.swift */ = {isa = PBXFileReference; lastKnownFileType = sourcecode.swift; path = AppDelegate.swift; sourceTree = "<group>"; };
		C27DF9421C0AF0D60042BE71 /* Base */ = {isa = PBXFileReference; lastKnownFileType = file.storyboard; name = Base; path = Base.lproj/Main.storyboard; sourceTree = "<group>"; };
		C27DF9441C0AF0D60042BE71 /* Assets.xcassets */ = {isa = PBXFileReference; lastKnownFileType = folder.assetcatalog; path = Assets.xcassets; sourceTree = "<group>"; };
		C27DF9471C0AF0D60042BE71 /* Base */ = {isa = PBXFileReference; lastKnownFileType = file.storyboard; name = Base; path = Base.lproj/LaunchScreen.storyboard; sourceTree = "<group>"; };
		C27DF9491C0AF0D60042BE71 /* Info.plist */ = {isa = PBXFileReference; lastKnownFileType = text.plist.xml; path = Info.plist; sourceTree = "<group>"; };
		C27DF94E1C0AF0D70042BE71 /* SwiftQiitaClientTests.xctest */ = {isa = PBXFileReference; explicitFileType = wrapper.cfbundle; includeInIndex = 0; path = SwiftQiitaClientTests.xctest; sourceTree = BUILT_PRODUCTS_DIR; };
		C27DF9521C0AF0D70042BE71 /* SwiftQiitaClientTests.swift */ = {isa = PBXFileReference; lastKnownFileType = sourcecode.swift; path = SwiftQiitaClientTests.swift; sourceTree = "<group>"; };
		C27DF9541C0AF0D70042BE71 /* Info.plist */ = {isa = PBXFileReference; lastKnownFileType = text.plist.xml; path = Info.plist; sourceTree = "<group>"; };
		C27DF95D1C0AF5660042BE71 /* Secrets.plist */ = {isa = PBXFileReference; fileEncoding = 4; lastKnownFileType = text.plist.xml; path = Secrets.plist; sourceTree = "<group>"; };
		C27DF9621C0B00340042BE71 /* R.generated.swift */ = {isa = PBXFileReference; fileEncoding = 4; lastKnownFileType = sourcecode.swift; path = R.generated.swift; sourceTree = SOURCE_ROOT; };
		C27DF9641C0B00E30042BE71 /* QiitaAPI.swift */ = {isa = PBXFileReference; fileEncoding = 4; lastKnownFileType = sourcecode.swift; path = QiitaAPI.swift; sourceTree = "<group>"; };
		C27DF96A1C0B1E3F0042BE71 /* TaggingModel.swift */ = {isa = PBXFileReference; fileEncoding = 4; lastKnownFileType = sourcecode.swift; path = TaggingModel.swift; sourceTree = "<group>"; };
		C27DF96E1C0B1FCB0042BE71 /* UserModel.swift */ = {isa = PBXFileReference; fileEncoding = 4; lastKnownFileType = sourcecode.swift; path = UserModel.swift; sourceTree = "<group>"; };
		C27DF9701C0B24050042BE71 /* PostItemModel.swift */ = {isa = PBXFileReference; fileEncoding = 4; lastKnownFileType = sourcecode.swift; path = PostItemModel.swift; sourceTree = "<group>"; };
		C27DF9721C0B26840042BE71 /* PostItemEndpoint.swift */ = {isa = PBXFileReference; fileEncoding = 4; lastKnownFileType = sourcecode.swift; path = PostItemEndpoint.swift; sourceTree = "<group>"; };
		C27DF9741C0B26EB0042BE71 /* AllPostItemListModel.swift */ = {isa = PBXFileReference; fileEncoding = 4; lastKnownFileType = sourcecode.swift; path = AllPostItemListModel.swift; sourceTree = "<group>"; };
		C27DF9771C0B288E0042BE71 /* PostItemListVC.swift */ = {isa = PBXFileReference; fileEncoding = 4; lastKnownFileType = sourcecode.swift; path = PostItemListVC.swift; sourceTree = "<group>"; };
		C27DF97A1C0B36D00042BE71 /* PostItemCellVM.swift */ = {isa = PBXFileReference; fileEncoding = 4; lastKnownFileType = sourcecode.swift; path = PostItemCellVM.swift; sourceTree = "<group>"; };
		C27DF97D1C127D4A0042BE71 /* AllPostItemListVM.swift */ = {isa = PBXFileReference; fileEncoding = 4; lastKnownFileType = sourcecode.swift; path = AllPostItemListVM.swift; sourceTree = "<group>"; };
		C27DF9801C1293DC0042BE71 /* ItemCell.swift */ = {isa = PBXFileReference; fileEncoding = 4; lastKnownFileType = sourcecode.swift; path = ItemCell.swift; sourceTree = "<group>"; };
		C2FF2F6D1C12B75400BEE542 /* MyPlayground.playground */ = {isa = PBXFileReference; lastKnownFileType = file.playground; path = MyPlayground.playground; sourceTree = "<group>"; };
/* End PBXFileReference section */

/* Begin PBXFrameworksBuildPhase section */
		C27DF9371C0AF0D60042BE71 /* Frameworks */ = {
			isa = PBXFrameworksBuildPhase;
			buildActionMask = 2147483647;
			files = (
				C9E3502C78818343CC031532 /* Pods.framework in Frameworks */,
			);
			runOnlyForDeploymentPostprocessing = 0;
		};
		C27DF94B1C0AF0D70042BE71 /* Frameworks */ = {
			isa = PBXFrameworksBuildPhase;
			buildActionMask = 2147483647;
			files = (
			);
			runOnlyForDeploymentPostprocessing = 0;
		};
/* End PBXFrameworksBuildPhase section */

/* Begin PBXGroup section */
		6680DAAE9948941C58ED57B7 /* Pods */ = {
			isa = PBXGroup;
			children = (
				58BABD47965F44961147519B /* Pods.debug.xcconfig */,
				001214CCE190F4EAC56022AC /* Pods.release.xcconfig */,
			);
			name = Pods;
			sourceTree = "<group>";
		};
		934A43DB93E7CA9F5308CBF3 /* Frameworks */ = {
			isa = PBXGroup;
			children = (
				A455A93040E8BD6704A5AAAD /* Pods.framework */,
			);
			name = Frameworks;
			sourceTree = "<group>";
		};
		C263EDCA1C143CEC008BFD7C /* Storyboard */ = {
			isa = PBXGroup;
			children = (
				C263EDCB1C143D18008BFD7C /* PostItemDetail.storyboard */,
			);
			path = Storyboard;
			sourceTree = "<group>";
		};
		C27DF9311C0AF0D60042BE71 = {
			isa = PBXGroup;
			children = (
				C27DF93C1C0AF0D60042BE71 /* SwiftQiitaClient */,
				C27DF9511C0AF0D70042BE71 /* SwiftQiitaClientTests */,
				C27DF93B1C0AF0D60042BE71 /* Products */,
				6680DAAE9948941C58ED57B7 /* Pods */,
				934A43DB93E7CA9F5308CBF3 /* Frameworks */,
			);
			sourceTree = "<group>";
		};
		C27DF93B1C0AF0D60042BE71 /* Products */ = {
			isa = PBXGroup;
			children = (
				C27DF93A1C0AF0D60042BE71 /* SwiftQiitaClient.app */,
				C27DF94E1C0AF0D70042BE71 /* SwiftQiitaClientTests.xctest */,
			);
			name = Products;
			sourceTree = "<group>";
		};
		C27DF93C1C0AF0D60042BE71 /* SwiftQiitaClient */ = {
			isa = PBXGroup;
			children = (
				C263EDCA1C143CEC008BFD7C /* Storyboard */,
				C27DF97F1C1292F00042BE71 /* View */,
				C27DF9791C0B35E50042BE71 /* ViewModel */,
				C27DF9761C0B28480042BE71 /* ViewController */,
				C27DF9681C0B1CFC0042BE71 /* Model */,
				C27DF9611C0B00080042BE71 /* R */,
				C27DF95F1C0AFC150042BE71 /* QiitaAPI */,
				C27DF93D1C0AF0D60042BE71 /* AppDelegate.swift */,
				C27DF9411C0AF0D60042BE71 /* Main.storyboard */,
				C27DF9441C0AF0D60042BE71 /* Assets.xcassets */,
				C27DF9461C0AF0D60042BE71 /* LaunchScreen.storyboard */,
				C27DF9491C0AF0D60042BE71 /* Info.plist */,
				C27DF95D1C0AF5660042BE71 /* Secrets.plist */,
				C2FF2F6D1C12B75400BEE542 /* MyPlayground.playground */,
			);
			path = SwiftQiitaClient;
			sourceTree = "<group>";
		};
		C27DF9511C0AF0D70042BE71 /* SwiftQiitaClientTests */ = {
			isa = PBXGroup;
			children = (
				C27DF9521C0AF0D70042BE71 /* SwiftQiitaClientTests.swift */,
				C27DF9541C0AF0D70042BE71 /* Info.plist */,
			);
			path = SwiftQiitaClientTests;
			sourceTree = "<group>";
		};
		C27DF95F1C0AFC150042BE71 /* QiitaAPI */ = {
			isa = PBXGroup;
			children = (
				C27DF9641C0B00E30042BE71 /* QiitaAPI.swift */,
				C27DF9661C0B1BE70042BE71 /* Endpoint */,
			);
			path = QiitaAPI;
			sourceTree = "<group>";
		};
		C27DF9611C0B00080042BE71 /* R */ = {
			isa = PBXGroup;
			children = (
				C27DF9621C0B00340042BE71 /* R.generated.swift */,
			);
			path = R;
			sourceTree = "<group>";
		};
		C27DF9661C0B1BE70042BE71 /* Endpoint */ = {
			isa = PBXGroup;
			children = (
				C27DF9721C0B26840042BE71 /* PostItemEndpoint.swift */,
				C263EDD31C147AFE008BFD7C /* StockEndpoint.swift */,
			);
			path = Endpoint;
			sourceTree = "<group>";
		};
		C27DF9681C0B1CFC0042BE71 /* Model */ = {
			isa = PBXGroup;
			children = (
				C27DF96D1C0B1FAA0042BE71 /* User */,
				C27DF96C1C0B1F080042BE71 /* Posting */,
				C27DF9691C0B1E130042BE71 /* Tagging */,
			);
			path = Model;
			sourceTree = "<group>";
		};
		C27DF9691C0B1E130042BE71 /* Tagging */ = {
			isa = PBXGroup;
			children = (
				C27DF96A1C0B1E3F0042BE71 /* TaggingModel.swift */,
			);
			path = Tagging;
			sourceTree = "<group>";
		};
		C27DF96C1C0B1F080042BE71 /* Posting */ = {
			isa = PBXGroup;
			children = (
				C27DF9701C0B24050042BE71 /* PostItemModel.swift */,
				C27DF9741C0B26EB0042BE71 /* AllPostItemListModel.swift */,
			);
			path = Posting;
			sourceTree = "<group>";
		};
		C27DF96D1C0B1FAA0042BE71 /* User */ = {
			isa = PBXGroup;
			children = (
				C27DF96E1C0B1FCB0042BE71 /* UserModel.swift */,
				C263EDD51C147D2B008BFD7C /* UserListModel.swift */,
			);
			path = User;
			sourceTree = "<group>";
		};
		C27DF9761C0B28480042BE71 /* ViewController */ = {
			isa = PBXGroup;
			children = (
				C27DF9771C0B288E0042BE71 /* PostItemListVC.swift */,
				C263EDD11C146132008BFD7C /* PostItemDetailVC.swift */,
			);
			path = ViewController;
			sourceTree = "<group>";
		};
		C27DF9791C0B35E50042BE71 /* ViewModel */ = {
			isa = PBXGroup;
			children = (
				C27DF97A1C0B36D00042BE71 /* PostItemCellVM.swift */,
				C27DF97D1C127D4A0042BE71 /* AllPostItemListVM.swift */,
				C263EDD71C147F7B008BFD7C /* UserListVM.swift */,
			);
			path = ViewModel;
			sourceTree = "<group>";
		};
		C27DF97F1C1292F00042BE71 /* View */ = {
			isa = PBXGroup;
			children = (
				C27DF9801C1293DC0042BE71 /* ItemCell.swift */,
				C263EDCD1C1444B8008BFD7C /* ItemDetailTopCell.swift */,
				C263EDCF1C1460D2008BFD7C /* ItemDetailBodyCell.swift */,
			);
			path = View;
			sourceTree = "<group>";
		};
/* End PBXGroup section */

/* Begin PBXNativeTarget section */
		C27DF9391C0AF0D60042BE71 /* SwiftQiitaClient */ = {
			isa = PBXNativeTarget;
			buildConfigurationList = C27DF9571C0AF0D70042BE71 /* Build configuration list for PBXNativeTarget "SwiftQiitaClient" */;
			buildPhases = (
				1C4C7D76DF62BAB6C28EC9D9 /* Check Pods Manifest.lock */,
				C27DF9361C0AF0D60042BE71 /* Sources */,
				C27DF9371C0AF0D60042BE71 /* Frameworks */,
				C27DF9381C0AF0D60042BE71 /* Resources */,
				487B83B7ACC1AA00EF0AA34A /* Embed Pods Frameworks */,
				779723A0BA47DE3E6449757E /* Copy Pods Resources */,
				C27DF9601C0AFF510042BE71 /* ShellScript */,
			);
			buildRules = (
			);
			dependencies = (
			);
			name = SwiftQiitaClient;
			productName = SwiftQiitaClient;
			productReference = C27DF93A1C0AF0D60042BE71 /* SwiftQiitaClient.app */;
			productType = "com.apple.product-type.application";
		};
		C27DF94D1C0AF0D70042BE71 /* SwiftQiitaClientTests */ = {
			isa = PBXNativeTarget;
			buildConfigurationList = C27DF95A1C0AF0D70042BE71 /* Build configuration list for PBXNativeTarget "SwiftQiitaClientTests" */;
			buildPhases = (
				C27DF94A1C0AF0D70042BE71 /* Sources */,
				C27DF94B1C0AF0D70042BE71 /* Frameworks */,
				C27DF94C1C0AF0D70042BE71 /* Resources */,
			);
			buildRules = (
			);
			dependencies = (
				C27DF9501C0AF0D70042BE71 /* PBXTargetDependency */,
			);
			name = SwiftQiitaClientTests;
			productName = SwiftQiitaClientTests;
			productReference = C27DF94E1C0AF0D70042BE71 /* SwiftQiitaClientTests.xctest */;
			productType = "com.apple.product-type.bundle.unit-test";
		};
/* End PBXNativeTarget section */

/* Begin PBXProject section */
		C27DF9321C0AF0D60042BE71 /* Project object */ = {
			isa = PBXProject;
			attributes = {
				LastUpgradeCheck = 0700;
				ORGANIZATIONNAME = hachinobu;
				TargetAttributes = {
					C27DF9391C0AF0D60042BE71 = {
						CreatedOnToolsVersion = 7.0;
					};
					C27DF94D1C0AF0D70042BE71 = {
						CreatedOnToolsVersion = 7.0;
						TestTargetID = C27DF9391C0AF0D60042BE71;
					};
				};
			};
			buildConfigurationList = C27DF9351C0AF0D60042BE71 /* Build configuration list for PBXProject "SwiftQiitaClient" */;
			compatibilityVersion = "Xcode 3.2";
			developmentRegion = English;
			hasScannedForEncodings = 0;
			knownRegions = (
				en,
				Base,
			);
			mainGroup = C27DF9311C0AF0D60042BE71;
			productRefGroup = C27DF93B1C0AF0D60042BE71 /* Products */;
			projectDirPath = "";
			projectRoot = "";
			targets = (
				C27DF9391C0AF0D60042BE71 /* SwiftQiitaClient */,
				C27DF94D1C0AF0D70042BE71 /* SwiftQiitaClientTests */,
			);
		};
/* End PBXProject section */

/* Begin PBXResourcesBuildPhase section */
		C27DF9381C0AF0D60042BE71 /* Resources */ = {
			isa = PBXResourcesBuildPhase;
			buildActionMask = 2147483647;
			files = (
				C27DF95E1C0AF5660042BE71 /* Secrets.plist in Resources */,
				C27DF9481C0AF0D60042BE71 /* LaunchScreen.storyboard in Resources */,
				C27DF9451C0AF0D60042BE71 /* Assets.xcassets in Resources */,
				C27DF9431C0AF0D60042BE71 /* Main.storyboard in Resources */,
				C263EDCC1C143D18008BFD7C /* PostItemDetail.storyboard in Resources */,
			);
			runOnlyForDeploymentPostprocessing = 0;
		};
		C27DF94C1C0AF0D70042BE71 /* Resources */ = {
			isa = PBXResourcesBuildPhase;
			buildActionMask = 2147483647;
			files = (
			);
			runOnlyForDeploymentPostprocessing = 0;
		};
/* End PBXResourcesBuildPhase section */

/* Begin PBXShellScriptBuildPhase section */
		1C4C7D76DF62BAB6C28EC9D9 /* Check Pods Manifest.lock */ = {
			isa = PBXShellScriptBuildPhase;
			buildActionMask = 2147483647;
			files = (
			);
			inputPaths = (
			);
			name = "Check Pods Manifest.lock";
			outputPaths = (
			);
			runOnlyForDeploymentPostprocessing = 0;
			shellPath = /bin/sh;
			shellScript = "diff \"${PODS_ROOT}/../Podfile.lock\" \"${PODS_ROOT}/Manifest.lock\" > /dev/null\nif [[ $? != 0 ]] ; then\n    cat << EOM\nerror: The sandbox is not in sync with the Podfile.lock. Run 'pod install' or update your CocoaPods installation.\nEOM\n    exit 1\nfi\n";
			showEnvVarsInLog = 0;
		};
		487B83B7ACC1AA00EF0AA34A /* Embed Pods Frameworks */ = {
			isa = PBXShellScriptBuildPhase;
			buildActionMask = 2147483647;
			files = (
			);
			inputPaths = (
			);
			name = "Embed Pods Frameworks";
			outputPaths = (
			);
			runOnlyForDeploymentPostprocessing = 0;
			shellPath = /bin/sh;
			shellScript = "\"${SRCROOT}/Pods/Target Support Files/Pods/Pods-frameworks.sh\"\n";
			showEnvVarsInLog = 0;
		};
		779723A0BA47DE3E6449757E /* Copy Pods Resources */ = {
			isa = PBXShellScriptBuildPhase;
			buildActionMask = 2147483647;
			files = (
			);
			inputPaths = (
			);
			name = "Copy Pods Resources";
			outputPaths = (
			);
			runOnlyForDeploymentPostprocessing = 0;
			shellPath = /bin/sh;
			shellScript = "\"${SRCROOT}/Pods/Target Support Files/Pods/Pods-resources.sh\"\n";
			showEnvVarsInLog = 0;
		};
		C27DF9601C0AFF510042BE71 /* ShellScript */ = {
			isa = PBXShellScriptBuildPhase;
			buildActionMask = 2147483647;
			files = (
			);
			inputPaths = (
			);
			outputPaths = (
			);
			runOnlyForDeploymentPostprocessing = 0;
			shellPath = /bin/sh;
			shellScript = "\"$PODS_ROOT/R.swift/rswift\" \"$SRCROOT\"";
		};
/* End PBXShellScriptBuildPhase section */

/* Begin PBXSourcesBuildPhase section */
		C27DF9361C0AF0D60042BE71 /* Sources */ = {
			isa = PBXSourcesBuildPhase;
			buildActionMask = 2147483647;
			files = (
				C27DF9711C0B24050042BE71 /* PostItemModel.swift in Sources */,
				C27DF9651C0B00E30042BE71 /* QiitaAPI.swift in Sources */,
				C263EDD21C146132008BFD7C /* PostItemDetailVC.swift in Sources */,
				C263EDD41C147AFE008BFD7C /* StockEndpoint.swift in Sources */,
				C27DF9781C0B288E0042BE71 /* PostItemListVC.swift in Sources */,
				C263EDD81C147F7B008BFD7C /* UserListVM.swift in Sources */,
				C27DF9751C0B26EB0042BE71 /* AllPostItemListModel.swift in Sources */,
				C27DF93E1C0AF0D60042BE71 /* AppDelegate.swift in Sources */,
				C27DF9631C0B00340042BE71 /* R.generated.swift in Sources */,
				C263EDD61C147D2B008BFD7C /* UserListModel.swift in Sources */,
				C27DF96F1C0B1FCB0042BE71 /* UserModel.swift in Sources */,
				C263EDCE1C1444B8008BFD7C /* ItemDetailTopCell.swift in Sources */,
				C263EDD01C1460D2008BFD7C /* ItemDetailBodyCell.swift in Sources */,
				C27DF97B1C0B36D00042BE71 /* PostItemCellVM.swift in Sources */,
				C27DF96B1C0B1E3F0042BE71 /* TaggingModel.swift in Sources */,
				C27DF9731C0B26840042BE71 /* PostItemEndpoint.swift in Sources */,
				C27DF9811C1293DC0042BE71 /* ItemCell.swift in Sources */,
				C27DF97E1C127D4A0042BE71 /* AllPostItemListVM.swift in Sources */,
			);
			runOnlyForDeploymentPostprocessing = 0;
		};
		C27DF94A1C0AF0D70042BE71 /* Sources */ = {
			isa = PBXSourcesBuildPhase;
			buildActionMask = 2147483647;
			files = (
				C27DF9531C0AF0D70042BE71 /* SwiftQiitaClientTests.swift in Sources */,
			);
			runOnlyForDeploymentPostprocessing = 0;
		};
/* End PBXSourcesBuildPhase section */

/* Begin PBXTargetDependency section */
		C27DF9501C0AF0D70042BE71 /* PBXTargetDependency */ = {
			isa = PBXTargetDependency;
			target = C27DF9391C0AF0D60042BE71 /* SwiftQiitaClient */;
			targetProxy = C27DF94F1C0AF0D70042BE71 /* PBXContainerItemProxy */;
		};
/* End PBXTargetDependency section */

/* Begin PBXVariantGroup section */
		C27DF9411C0AF0D60042BE71 /* Main.storyboard */ = {
			isa = PBXVariantGroup;
			children = (
				C27DF9421C0AF0D60042BE71 /* Base */,
			);
			name = Main.storyboard;
			sourceTree = "<group>";
		};
		C27DF9461C0AF0D60042BE71 /* LaunchScreen.storyboard */ = {
			isa = PBXVariantGroup;
			children = (
				C27DF9471C0AF0D60042BE71 /* Base */,
			);
			name = LaunchScreen.storyboard;
			sourceTree = "<group>";
		};
/* End PBXVariantGroup section */

/* Begin XCBuildConfiguration section */
		C27DF9551C0AF0D70042BE71 /* Debug */ = {
			isa = XCBuildConfiguration;
			buildSettings = {
				ALWAYS_SEARCH_USER_PATHS = NO;
				CLANG_CXX_LANGUAGE_STANDARD = "gnu++0x";
				CLANG_CXX_LIBRARY = "libc++";
				CLANG_ENABLE_MODULES = YES;
				CLANG_ENABLE_OBJC_ARC = YES;
				CLANG_WARN_BOOL_CONVERSION = YES;
				CLANG_WARN_CONSTANT_CONVERSION = YES;
				CLANG_WARN_DIRECT_OBJC_ISA_USAGE = YES_ERROR;
				CLANG_WARN_EMPTY_BODY = YES;
				CLANG_WARN_ENUM_CONVERSION = YES;
				CLANG_WARN_INT_CONVERSION = YES;
				CLANG_WARN_OBJC_ROOT_CLASS = YES_ERROR;
				CLANG_WARN_UNREACHABLE_CODE = YES;
				CLANG_WARN__DUPLICATE_METHOD_MATCH = YES;
				"CODE_SIGN_IDENTITY[sdk=iphoneos*]" = "iPhone Developer";
				COPY_PHASE_STRIP = NO;
				DEBUG_INFORMATION_FORMAT = dwarf;
				ENABLE_STRICT_OBJC_MSGSEND = YES;
				ENABLE_TESTABILITY = YES;
				GCC_C_LANGUAGE_STANDARD = gnu99;
				GCC_DYNAMIC_NO_PIC = NO;
				GCC_NO_COMMON_BLOCKS = YES;
				GCC_OPTIMIZATION_LEVEL = 0;
				GCC_PREPROCESSOR_DEFINITIONS = (
					"DEBUG=1",
					"$(inherited)",
				);
				GCC_WARN_64_TO_32_BIT_CONVERSION = YES;
				GCC_WARN_ABOUT_RETURN_TYPE = YES_ERROR;
				GCC_WARN_UNDECLARED_SELECTOR = YES;
				GCC_WARN_UNINITIALIZED_AUTOS = YES_AGGRESSIVE;
				GCC_WARN_UNUSED_FUNCTION = YES;
				GCC_WARN_UNUSED_VARIABLE = YES;
				IPHONEOS_DEPLOYMENT_TARGET = 9.0;
				MTL_ENABLE_DEBUG_INFO = YES;
				ONLY_ACTIVE_ARCH = YES;
				SDKROOT = iphoneos;
				SWIFT_OPTIMIZATION_LEVEL = "-Onone";
			};
			name = Debug;
		};
		C27DF9561C0AF0D70042BE71 /* Release */ = {
			isa = XCBuildConfiguration;
			buildSettings = {
				ALWAYS_SEARCH_USER_PATHS = NO;
				CLANG_CXX_LANGUAGE_STANDARD = "gnu++0x";
				CLANG_CXX_LIBRARY = "libc++";
				CLANG_ENABLE_MODULES = YES;
				CLANG_ENABLE_OBJC_ARC = YES;
				CLANG_WARN_BOOL_CONVERSION = YES;
				CLANG_WARN_CONSTANT_CONVERSION = YES;
				CLANG_WARN_DIRECT_OBJC_ISA_USAGE = YES_ERROR;
				CLANG_WARN_EMPTY_BODY = YES;
				CLANG_WARN_ENUM_CONVERSION = YES;
				CLANG_WARN_INT_CONVERSION = YES;
				CLANG_WARN_OBJC_ROOT_CLASS = YES_ERROR;
				CLANG_WARN_UNREACHABLE_CODE = YES;
				CLANG_WARN__DUPLICATE_METHOD_MATCH = YES;
				"CODE_SIGN_IDENTITY[sdk=iphoneos*]" = "iPhone Developer";
				COPY_PHASE_STRIP = NO;
				DEBUG_INFORMATION_FORMAT = "dwarf-with-dsym";
				ENABLE_NS_ASSERTIONS = NO;
				ENABLE_STRICT_OBJC_MSGSEND = YES;
				GCC_C_LANGUAGE_STANDARD = gnu99;
				GCC_NO_COMMON_BLOCKS = YES;
				GCC_WARN_64_TO_32_BIT_CONVERSION = YES;
				GCC_WARN_ABOUT_RETURN_TYPE = YES_ERROR;
				GCC_WARN_UNDECLARED_SELECTOR = YES;
				GCC_WARN_UNINITIALIZED_AUTOS = YES_AGGRESSIVE;
				GCC_WARN_UNUSED_FUNCTION = YES;
				GCC_WARN_UNUSED_VARIABLE = YES;
				IPHONEOS_DEPLOYMENT_TARGET = 9.0;
				MTL_ENABLE_DEBUG_INFO = NO;
				SDKROOT = iphoneos;
				VALIDATE_PRODUCT = YES;
			};
			name = Release;
		};
		C27DF9581C0AF0D70042BE71 /* Debug */ = {
			isa = XCBuildConfiguration;
			baseConfigurationReference = 58BABD47965F44961147519B /* Pods.debug.xcconfig */;
			buildSettings = {
				ASSETCATALOG_COMPILER_APPICON_NAME = AppIcon;
				INFOPLIST_FILE = SwiftQiitaClient/Info.plist;
				LD_RUNPATH_SEARCH_PATHS = "$(inherited) @executable_path/Frameworks";
				PRODUCT_BUNDLE_IDENTIFIER = com.hachinobu.SwiftQiitaClient;
				PRODUCT_NAME = "$(TARGET_NAME)";
			};
			name = Debug;
		};
		C27DF9591C0AF0D70042BE71 /* Release */ = {
			isa = XCBuildConfiguration;
			baseConfigurationReference = 001214CCE190F4EAC56022AC /* Pods.release.xcconfig */;
			buildSettings = {
				ASSETCATALOG_COMPILER_APPICON_NAME = AppIcon;
				INFOPLIST_FILE = SwiftQiitaClient/Info.plist;
				LD_RUNPATH_SEARCH_PATHS = "$(inherited) @executable_path/Frameworks";
				PRODUCT_BUNDLE_IDENTIFIER = com.hachinobu.SwiftQiitaClient;
				PRODUCT_NAME = "$(TARGET_NAME)";
			};
			name = Release;
		};
		C27DF95B1C0AF0D70042BE71 /* Debug */ = {
			isa = XCBuildConfiguration;
			buildSettings = {
				BUNDLE_LOADER = "$(TEST_HOST)";
				INFOPLIST_FILE = SwiftQiitaClientTests/Info.plist;
				LD_RUNPATH_SEARCH_PATHS = "$(inherited) @executable_path/Frameworks @loader_path/Frameworks";
				PRODUCT_BUNDLE_IDENTIFIER = com.hachinobu.SwiftQiitaClientTests;
				PRODUCT_NAME = "$(TARGET_NAME)";
				TEST_HOST = "$(BUILT_PRODUCTS_DIR)/SwiftQiitaClient.app/SwiftQiitaClient";
			};
			name = Debug;
		};
		C27DF95C1C0AF0D70042BE71 /* Release */ = {
			isa = XCBuildConfiguration;
			buildSettings = {
				BUNDLE_LOADER = "$(TEST_HOST)";
				INFOPLIST_FILE = SwiftQiitaClientTests/Info.plist;
				LD_RUNPATH_SEARCH_PATHS = "$(inherited) @executable_path/Frameworks @loader_path/Frameworks";
				PRODUCT_BUNDLE_IDENTIFIER = com.hachinobu.SwiftQiitaClientTests;
				PRODUCT_NAME = "$(TARGET_NAME)";
				TEST_HOST = "$(BUILT_PRODUCTS_DIR)/SwiftQiitaClient.app/SwiftQiitaClient";
			};
			name = Release;
		};
/* End XCBuildConfiguration section */

/* Begin XCConfigurationList section */
		C27DF9351C0AF0D60042BE71 /* Build configuration list for PBXProject "SwiftQiitaClient" */ = {
			isa = XCConfigurationList;
			buildConfigurations = (
				C27DF9551C0AF0D70042BE71 /* Debug */,
				C27DF9561C0AF0D70042BE71 /* Release */,
			);
			defaultConfigurationIsVisible = 0;
			defaultConfigurationName = Release;
		};
		C27DF9571C0AF0D70042BE71 /* Build configuration list for PBXNativeTarget "SwiftQiitaClient" */ = {
			isa = XCConfigurationList;
			buildConfigurations = (
				C27DF9581C0AF0D70042BE71 /* Debug */,
				C27DF9591C0AF0D70042BE71 /* Release */,
			);
			defaultConfigurationIsVisible = 0;
			defaultConfigurationName = Release;
		};
		C27DF95A1C0AF0D70042BE71 /* Build configuration list for PBXNativeTarget "SwiftQiitaClientTests" */ = {
			isa = XCConfigurationList;
			buildConfigurations = (
				C27DF95B1C0AF0D70042BE71 /* Debug */,
				C27DF95C1C0AF0D70042BE71 /* Release */,
			);
			defaultConfigurationIsVisible = 0;
			defaultConfigurationName = Release;
		};
/* End XCConfigurationList section */
	};
	rootObject = C27DF9321C0AF0D60042BE71 /* Project object */;
}
